
Microsoft Visual Studio Solution File, Format Version 12.00
# Visual Studio Version 17
VisualStudioVersion = 17.5.002.0
MinimumVisualStudioVersion = 10.0.40219.1
Project("{9A19103F-16F7-4668-BE54-9A1E7A4F7556}") = "dt071g_projekt", "dt071g_projekt.csproj", "{5463E46E-67C3-4604-A623-84483B61A91B}"
EndProject
Global
	GlobalSection(SolutionConfigurationPlatforms) = preSolution
		Debug|Any CPU = Debug|Any CPU
		Release|Any CPU = Release|Any CPU
	EndGlobalSection
	GlobalSection(ProjectConfigurationPlatforms) = postSolution
		{5463E46E-67C3-4604-A623-84483B61A91B}.Debug|Any CPU.ActiveCfg = Debug|Any CPU
		{5463E46E-67C3-4604-A623-84483B61A91B}.Debug|Any CPU.Build.0 = Debug|Any CPU
		{5463E46E-67C3-4604-A623-84483B61A91B}.Release|Any CPU.ActiveCfg = Release|Any CPU
		{5463E46E-67C3-4604-A623-84483B61A91B}.Release|Any CPU.Build.0 = Release|Any CPU
	EndGlobalSection
	GlobalSection(SolutionProperties) = preSolution
		HideSolutionNode = FALSE
	EndGlobalSection
	GlobalSection(ExtensibilityGlobals) = postSolution
		SolutionGuid = {351C0767-500E-411D-A133-ACEF14C53074}
	EndGlobalSection
EndGlobal
